<Solution>
  <Folder Name="/Infrastructure/">
    <Project Path="Grow.Infrastructure.Cqrs/Grow.Infrastructure.Cqrs.csproj" />
    <Project Path="Grow.Infrastructure.Database/Grow.Infrastructure.Database.csproj" />
    <Project Path="Grow.Infrastructure.Logging/Grow.Infrastructure.Logging.csproj" />
  </Folder>
  <Folder Name="/Solution Items/">
    <File Path=".editorconfig" />
    <File Path=".gitignore" />
  </Folder>
  <Folder Name="/Tests/">
    <Project Path="Grow.Tests.Integration/Grow.Tests.Integration.csproj" />
    <Project Path="Grow.Tests.Unit/Grow.Tests.Unit.csproj" />
  </Folder>
  <Project Path="Grow.Commons/Grow.Commons.csproj" Id="4b5a44cd-e917-488c-8025-50a319bb46af" />
  <Project Path="Grow.Domain/Grow.Domain.csproj" Id="5b1cf383-3c0f-4ad2-8206-e454f14cb15b" />
  <Project Path="Grow.WebApi/Grow.WebApi.csproj" Id="dfaf880c-3ab0-4192-b40d-fb4be1d97aec" />
</Solution>
